
Microsoft Visual Studio Solution File, Format Version 12.00
# Visual Studio Version 17
VisualStudioVersion = 17.2.32602.215
MinimumVisualStudioVersion = 10.0.40219.1
Project("{FAE04EC0-301F-11D3-BF4B-00C04F79EFBC}") = "eCommerce.API", "eCommerce.API\eCommerce.API.csproj", "{28F4F23C-37F4-4490-BAF2-8F2A99B6DB40}"
EndProject
Project("{FAE04EC0-301F-11D3-BF4B-00C04F79EFBC}") = "eCommerce.Models", "eCommerce.Models\eCommerce.Models.csproj", "{BE43005A-2202-4D6D-BEA8-06167F767FB8}"
EndProject
Global
	GlobalSection(SolutionConfigurationPlatforms) = preSolution
		Debug|Any CPU = Debug|Any CPU
		Release|Any CPU = Release|Any CPU
	EndGlobalSection
	GlobalSection(ProjectConfigurationPlatforms) = postSolution
		{28F4F23C-37F4-4490-BAF2-8F2A99B6DB40}.Debug|Any CPU.ActiveCfg = Debug|Any CPU
		{28F4F23C-37F4-4490-BAF2-8F2A99B6DB40}.Debug|Any CPU.Build.0 = Debug|Any CPU
		{28F4F23C-37F4-4490-BAF2-8F2A99B6DB40}.Release|Any CPU.ActiveCfg = Release|Any CPU
		{28F4F23C-37F4-4490-BAF2-8F2A99B6DB40}.Release|Any CPU.Build.0 = Release|Any CPU
		{BE43005A-2202-4D6D-BEA8-06167F767FB8}.Debug|Any CPU.ActiveCfg = Debug|Any CPU
		{BE43005A-2202-4D6D-BEA8-06167F767FB8}.Debug|Any CPU.Build.0 = Debug|Any CPU
		{BE43005A-2202-4D6D-BEA8-06167F767FB8}.Release|Any CPU.ActiveCfg = Release|Any CPU
		{BE43005A-2202-4D6D-BEA8-06167F767FB8}.Release|Any CPU.Build.0 = Release|Any CPU
	EndGlobalSection
	GlobalSection(SolutionProperties) = preSolution
		HideSolutionNode = FALSE
	EndGlobalSection
	GlobalSection(ExtensibilityGlobals) = postSolution
		SolutionGuid = {7BC48523-65CD-4732-AFEF-C2953B2200BE}
	EndGlobalSection
EndGlobal
